<?xml version="1.0" encoding="UTF-8"?>
<Project ToolsVersion="4.0" xmlns="http://schemas.microsoft.com/developer/msbuild/2003">
  <ItemGroup>
    <ClCompile Include="C:\Users\shrabya\Documents\Shrabya_557_2015_sk\Homework_4\p2\main_mipmap_texture.cpp">
      <Filter>Source Files</Filter>
    </ClCompile>
  </ItemGroup>
  <ItemGroup>
    <CustomBuild Include="C:\Users\shrabya\Documents\Shrabya_557_2015_sk\Homework_4\p2\CMakeLists.txt" />
  </ItemGroup>
  <ItemGroup>
    <Filter Include="Source Files">
      <UniqueIdentifier>{810A31F7-55B7-3A76-8348-9391E2244116}</UniqueIdentifier>
    </Filter>
  </ItemGroup>
</Project>
