<?xml version="1.0" encoding="UTF-8"?>
<Project ToolsVersion="4.0" xmlns="http://schemas.microsoft.com/developer/msbuild/2003">
  <ItemGroup>
    <ClCompile Include="C:\Users\shrabya\Documents\HCI-557-CG\13_Multi_Texturing\main_multi_texture.cpp">
      <Filter>Source Files</Filter>
    </ClCompile>
    <ClCompile Include="C:\Users\shrabya\Documents\HCI-557-CG\gl_common\HCI557Common.cpp">
      <Filter>Source Files</Filter>
    </ClCompile>
    <ClCompile Include="C:\Users\shrabya\Documents\HCI-557-CG\gl_common\controls.cpp">
      <Filter>Source Files</Filter>
    </ClCompile>
    <ClCompile Include="C:\Users\shrabya\Documents\HCI-557-CG\gl_common\CoordSystem.cpp">
      <Filter>Source Files</Filter>
    </ClCompile>
    <ClCompile Include="C:\Users\shrabya\Documents\HCI-557-CG\gl_common\GLObject.cpp">
      <Filter>Source Files</Filter>
    </ClCompile>
    <ClCompile Include="C:\Users\shrabya\Documents\HCI-557-CG\gl_common\GLSphere.cpp">
      <Filter>Source Files</Filter>
    </ClCompile>
    <ClCompile Include="C:\Users\shrabya\Documents\HCI-557-CG\gl_common\Shaders.cpp">
      <Filter>Source Files</Filter>
    </ClCompile>
    <ClCompile Include="C:\Users\shrabya\Documents\HCI-557-CG\gl_common\Plane3D.cpp">
      <Filter>Source Files</Filter>
    </ClCompile>
    <ClCompile Include="C:\Users\shrabya\Documents\HCI-557-CG\gl_common\Texture.cpp">
      <Filter>Source Files</Filter>
    </ClCompile>
    <ClCompile Include="C:\Users\shrabya\Documents\HCI-557-CG\gl_common\GLAppearance.cpp">
      <Filter>Source Files</Filter>
    </ClCompile>
    <ClCompile Include="C:\Users\shrabya\Documents\HCI-557-CG\gl_common\camera.cpp">
      <Filter>Source Files</Filter>
    </ClCompile>
  </ItemGroup>
  <ItemGroup>
    <ClInclude Include="C:\Users\shrabya\Documents\HCI-557-CG\gl_common\HCI557Common.h">
      <Filter>Header Files</Filter>
    </ClInclude>
    <ClInclude Include="C:\Users\shrabya\Documents\HCI-557-CG\gl_common\controls.h">
      <Filter>Header Files</Filter>
    </ClInclude>
    <ClInclude Include="C:\Users\shrabya\Documents\HCI-557-CG\gl_common\CoordSystem.h">
      <Filter>Header Files</Filter>
    </ClInclude>
    <ClInclude Include="C:\Users\shrabya\Documents\HCI-557-CG\gl_common\GLObject.h">
      <Filter>Header Files</Filter>
    </ClInclude>
    <ClInclude Include="C:\Users\shrabya\Documents\HCI-557-CG\gl_common\GLSphere.h">
      <Filter>Header Files</Filter>
    </ClInclude>
    <ClInclude Include="C:\Users\shrabya\Documents\HCI-557-CG\gl_common\Shaders.h">
      <Filter>Header Files</Filter>
    </ClInclude>
    <ClInclude Include="C:\Users\shrabya\Documents\HCI-557-CG\gl_common\Plane3D.h">
      <Filter>Header Files</Filter>
    </ClInclude>
    <ClInclude Include="C:\Users\shrabya\Documents\HCI-557-CG\gl_common\Texture.h">
      <Filter>Header Files</Filter>
    </ClInclude>
    <ClInclude Include="C:\Users\shrabya\Documents\HCI-557-CG\gl_common\HCI557Datatypes.h">
      <Filter>Header Files</Filter>
    </ClInclude>
    <ClInclude Include="C:\Users\shrabya\Documents\HCI-557-CG\gl_common\GLAppearanceBase.h">
      <Filter>Header Files</Filter>
    </ClInclude>
    <ClInclude Include="C:\Users\shrabya\Documents\HCI-557-CG\gl_common\GLAppearance.h">
      <Filter>Header Files</Filter>
    </ClInclude>
    <ClInclude Include="C:\Users\shrabya\Documents\HCI-557-CG\gl_common\camera.h">
      <Filter>Header Files</Filter>
    </ClInclude>
    <ClInclude Include="C:\Users\shrabya\Documents\HCI-557-CG\gl_common\GLObjects3D.h">
      <Filter>Header Files</Filter>
    </ClInclude>
  </ItemGroup>
  <ItemGroup>
    <CustomBuild Include="C:\Users\shrabya\Documents\HCI-557-CG\13_Multi_Texturing\CMakeLists.txt" />
  </ItemGroup>
  <ItemGroup>
    <Filter Include="Source Files">
      <UniqueIdentifier>{D48478D7-6E5D-3452-873D-047974384652}</UniqueIdentifier>
    </Filter>
    <Filter Include="Header Files">
      <UniqueIdentifier>{E8990F9A-E024-3671-B840-CF17B26DE045}</UniqueIdentifier>
    </Filter>
  </ItemGroup>
</Project>
