<?xml version="1.0" encoding="utf-8"?>
<Project ToolsVersion="4.0" xmlns="http://schemas.microsoft.com/developer/msbuild/2003">
  <ItemGroup>
    <ClCompile Include="C:\Users\Kyle Vansice\Documents\Git_remote_repository\HCI-557\07_SpotLight\main_spotlight.cpp">
      <Filter>Source Files</Filter>
    </ClCompile>
    <ClCompile Include="C:\Users\Kyle Vansice\Documents\Git_remote_repository\HCI-557\07_SpotLight\GLSphereSpot.cpp">
      <Filter>Source Files</Filter>
    </ClCompile>
    <ClCompile Include="C:\Users\Kyle Vansice\Documents\Git_remote_repository\HCI-557\gl_common\HCI557Common.cpp">
      <Filter>Source Files</Filter>
    </ClCompile>
    <ClCompile Include="C:\Users\Kyle Vansice\Documents\Git_remote_repository\HCI-557\gl_common\controls.cpp">
      <Filter>Source Files</Filter>
    </ClCompile>
    <ClCompile Include="C:\Users\Kyle Vansice\Documents\Git_remote_repository\HCI-557\gl_common\CoordSystem.cpp">
      <Filter>Source Files</Filter>
    </ClCompile>
    <ClCompile Include="C:\Users\Kyle Vansice\Documents\Git_remote_repository\HCI-557\gl_common\GLObject.cpp">
      <Filter>Source Files</Filter>
    </ClCompile>
    <ClCompile Include="C:\Users\Kyle Vansice\Documents\Git_remote_repository\HCI-557\gl_common\GLSphere.cpp">
      <Filter>Source Files</Filter>
    </ClCompile>
    <ClCompile Include="C:\Users\Kyle Vansice\Documents\Git_remote_repository\HCI-557\gl_common\Shaders.cpp">
      <Filter>Source Files</Filter>
    </ClCompile>
    <ClCompile Include="C:\Users\Kyle Vansice\Documents\Git_remote_repository\HCI-557\gl_common\GLAppearance.cpp">
      <Filter>Source Files</Filter>
    </ClCompile>
    <ClCompile Include="GLSphereHighlight.cpp">
      <Filter>Source Files</Filter>
    </ClCompile>
    <ClCompile Include="GLSphereDirect.cpp">
      <Filter>Source Files</Filter>
    </ClCompile>
    <ClCompile Include="GLSphereLittle.cpp">
      <Filter>Source Files</Filter>
    </ClCompile>
  </ItemGroup>
  <ItemGroup>
    <ClInclude Include="C:\Users\Kyle Vansice\Documents\Git_remote_repository\HCI-557\07_SpotLight\GLSphereSpot.h">
      <Filter>Header Files</Filter>
    </ClInclude>
    <ClInclude Include="C:\Users\Kyle Vansice\Documents\Git_remote_repository\HCI-557\gl_common\HCI557Common.h">
      <Filter>Header Files</Filter>
    </ClInclude>
    <ClInclude Include="C:\Users\Kyle Vansice\Documents\Git_remote_repository\HCI-557\gl_common\controls.h">
      <Filter>Header Files</Filter>
    </ClInclude>
    <ClInclude Include="C:\Users\Kyle Vansice\Documents\Git_remote_repository\HCI-557\gl_common\CoordSystem.h">
      <Filter>Header Files</Filter>
    </ClInclude>
    <ClInclude Include="C:\Users\Kyle Vansice\Documents\Git_remote_repository\HCI-557\gl_common\GLObject.h">
      <Filter>Header Files</Filter>
    </ClInclude>
    <ClInclude Include="C:\Users\Kyle Vansice\Documents\Git_remote_repository\HCI-557\gl_common\GLSphere.h">
      <Filter>Header Files</Filter>
    </ClInclude>
    <ClInclude Include="C:\Users\Kyle Vansice\Documents\Git_remote_repository\HCI-557\gl_common\Shaders.h">
      <Filter>Header Files</Filter>
    </ClInclude>
    <ClInclude Include="C:\Users\Kyle Vansice\Documents\Git_remote_repository\HCI-557\gl_common\HCI557Datatypes.h">
      <Filter>Header Files</Filter>
    </ClInclude>
    <ClInclude Include="C:\Users\Kyle Vansice\Documents\Git_remote_repository\HCI-557\gl_common\GLAppearanceBase.h">
      <Filter>Header Files</Filter>
    </ClInclude>
    <ClInclude Include="C:\Users\Kyle Vansice\Documents\Git_remote_repository\HCI-557\gl_common\GLAppearance.h">
      <Filter>Header Files</Filter>
    </ClInclude>
    <ClInclude Include="GLSphereHighlight.h">
      <Filter>Header Files</Filter>
    </ClInclude>
    <ClInclude Include="GLSphereDirect.h">
      <Filter>Header Files</Filter>
    </ClInclude>
    <ClInclude Include="GLSphereLittle.h">
      <Filter>Header Files</Filter>
    </ClInclude>
  </ItemGroup>
  <ItemGroup>
    <CustomBuild Include="C:\Users\Kyle Vansice\Documents\Git_remote_repository\HCI-557\07_SpotLight\CMakeLists.txt" />
  </ItemGroup>
  <ItemGroup>
    <Filter Include="Source Files">
      <UniqueIdentifier>{A34B1817-611C-4BE1-9DFF-0CEDF5C4FEA0}</UniqueIdentifier>
    </Filter>
    <Filter Include="Header Files">
      <UniqueIdentifier>{69996E23-1C57-4BAC-AC6A-294CFF58481E}</UniqueIdentifier>
    </Filter>
  </ItemGroup>
</Project>